{
    "_readme": [
        "This file locks the dependencies of your project to a known state",
        "Read more about it at https://getcomposer.org/doc/01-basic-usage.md#composer-lock-the-lock-file",
        "This file is @generated automatically"
    ],
    "hash": "331a0bd3b192cd6d7dc25012b9473c3f",
    "content-hash": "d22221266c761ca4b23601aaa35babd7",
    "packages": [
        {
            "name": "carloswgama/php-moip",
            "version": "1.0.0",
            "source": {
                "type": "git",
                "url": "https://github.com/CarlosWGama/php-moip.git",
                "reference": "50ee292edbb9f2149fd569fa58d5bf7d42bca87c"
            },
            "dist": {
                "type": "zip",
                "url": "https://api.github.com/repos/CarlosWGama/php-moip/zipball/50ee292edbb9f2149fd569fa58d5bf7d42bca87c",
                "reference": "50ee292edbb9f2149fd569fa58d5bf7d42bca87c",
                "shasum": ""
            },
            "require": {
                "php": ">=5.3.0"
            },
            "type": "library",
            "autoload": {
                "psr-4": {
                    "CWG\\Moip\\": "src/"
                }
            },
            "notification-url": "https://packagist.org/downloads/",
            "license": [
                "MIT"
            ],
            "authors": [
                {
                    "name": "Carlos W. Gama",
                    "email": "carloswgama@gmail.com"
                }
            ],
            "description": "Biblioteca para realizar compras no MoIP com e sem checkout transparente",
            "time": "2017-02-09 01:33:06"
        },
        {
            "name": "moip/moip-sdk-php",
            "version": "v1.2.0",
            "source": {
                "type": "git",
                "url": "https://github.com/moip/moip-sdk-php.git",
                "reference": "01cd01aee5a16299c0ee3a338e634bcaa842d145"
            },
            "dist": {
                "type": "zip",
                "url": "https://api.github.com/repos/moip/moip-sdk-php/zipball/01cd01aee5a16299c0ee3a338e634bcaa842d145",
                "reference": "01cd01aee5a16299c0ee3a338e634bcaa842d145",
                "shasum": ""
            },
            "require": {
                "php": ">=5.5",
                "rmccue/requests": ">=1.0"
            },
            "require-dev": {
                "codacy/coverage": "dev-master",
                "phpunit/phpunit": "~4.0"
            },
            "type": "libraries",
            "extra": {
                "branch-alias": {
                    "dev-master": "1.x-dev"
                }
            },
            "autoload": {
                "psr-4": {
                    "Moip\\": "src/"
                },
                "files": [
                    "src/Helper/helpers.php"
                ]
            },
            "notification-url": "https://packagist.org/downloads/",
            "license": [
                "MIT"
            ],
            "authors": [
                {
                    "name": "Jean Cesar Garcia",
                    "email": "jeancesargarcia@gmail.com"
                },
                {
                    "name": "Joao Batista Neto",
                    "email": "neto.joaobatista@gmail.com"
                }
            ],
            "description": "Cliente em PHP para integração server-side com APIs Moip v2",
            "homepage": "http://dev.moip.com.br",
            "keywords": [
                "checkout",
                "intermediary",
                "libraries",
                "marketplace",
                "moip"
            ],
            "time": "2017-06-02 14:37:43"
        },
        {
            "name": "rmccue/requests",
            "version": "v1.7.0",
            "source": {
                "type": "git",
                "url": "https://github.com/rmccue/Requests.git",
                "reference": "87932f52ffad70504d93f04f15690cf16a089546"
            },
            "dist": {
                "type": "zip",
                "url": "https://api.github.com/repos/rmccue/Requests/zipball/87932f52ffad70504d93f04f15690cf16a089546",
                "reference": "87932f52ffad70504d93f04f15690cf16a089546",
                "shasum": ""
            },
            "require": {
                "php": ">=5.2"
            },
            "require-dev": {
                "requests/test-server": "dev-master"
            },
            "type": "library",
            "autoload": {
                "psr-0": {
                    "Requests": "library/"
                }
            },
            "notification-url": "https://packagist.org/downloads/",
            "license": [
                "ISC"
            ],
            "authors": [
                {
                    "name": "Ryan McCue",
                    "homepage": "http://ryanmccue.info"
                }
            ],
            "description": "A HTTP library written in PHP, for human beings.",
            "homepage": "http://github.com/rmccue/Requests",
            "keywords": [
                "curl",
                "fsockopen",
                "http",
                "idna",
                "ipv6",
                "iri",
                "sockets"
            ],
            "time": "2016-10-13 00:11:37"
        }
    ],
    "packages-dev": [],
    "aliases": [],
    "minimum-stability": "stable",
    "stability-flags": [],
    "prefer-stable": false,
    "prefer-lowest": false,
    "platform": [],
    "platform-dev": []
}
